
Microsoft Visual Studio Solution File, Format Version 11.00
# Visual Studio 2010
Project("{FAE04EC0-301F-11D3-BF4B-00C04F79EFBC}") = "adaptivebpm", "adaptivebpm.csproj", "{686c9e92-0dc0-1a8a-c82c-e9a7d0e8c281}"
EndProject
Project("{FAE04EC0-301F-11D3-BF4B-00C04F79EFBC}") = "debuggui", "debuggui.csproj", "{abf0bd09-d781-d880-68e2-331163860730}"
EndProject
Project("{FAE04EC0-301F-11D3-BF4B-00C04F79EFBC}") = "endel.nativewebsocket", "endel.nativewebsocket.csproj", "{d3a4cf52-8e2d-c855-db7b-0bc052e26288}"
EndProject
Project("{FAE04EC0-301F-11D3-BF4B-00C04F79EFBC}") = "Assembly-CSharp", "Assembly-CSharp.csproj", "{39f23090-07b0-45db-d51d-a2ea2c4525c7}"
EndProject
Project("{FAE04EC0-301F-11D3-BF4B-00C04F79EFBC}") = "Assembly-CSharp-firstpass", "Assembly-CSharp-firstpass.csproj", "{2f915fd2-b435-091f-0814-6f8d1ca1112c}"
EndProject
Global
	GlobalSection(SolutionConfigurationPlatforms) = preSolution
		Debug|Any CPU = Debug|Any CPU
	EndGlobalSection
	GlobalSection(ProjectConfigurationPlatforms) = postSolution
		{686c9e92-0dc0-1a8a-c82c-e9a7d0e8c281}.Debug|Any CPU.ActiveCfg = Debug|Any CPU
		{686c9e92-0dc0-1a8a-c82c-e9a7d0e8c281}.Debug|Any CPU.Build.0 = Debug|Any CPU
		{abf0bd09-d781-d880-68e2-331163860730}.Debug|Any CPU.ActiveCfg = Debug|Any CPU
		{abf0bd09-d781-d880-68e2-331163860730}.Debug|Any CPU.Build.0 = Debug|Any CPU
		{d3a4cf52-8e2d-c855-db7b-0bc052e26288}.Debug|Any CPU.ActiveCfg = Debug|Any CPU
		{d3a4cf52-8e2d-c855-db7b-0bc052e26288}.Debug|Any CPU.Build.0 = Debug|Any CPU
		{39f23090-07b0-45db-d51d-a2ea2c4525c7}.Debug|Any CPU.ActiveCfg = Debug|Any CPU
		{39f23090-07b0-45db-d51d-a2ea2c4525c7}.Debug|Any CPU.Build.0 = Debug|Any CPU
		{2f915fd2-b435-091f-0814-6f8d1ca1112c}.Debug|Any CPU.ActiveCfg = Debug|Any CPU
		{2f915fd2-b435-091f-0814-6f8d1ca1112c}.Debug|Any CPU.Build.0 = Debug|Any CPU
	EndGlobalSection
	GlobalSection(SolutionProperties) = preSolution
		HideSolutionNode = FALSE
	EndGlobalSection
EndGlobal
