
Microsoft Visual Studio Solution File, Format Version 12.00
# Visual Studio 15
Project("{FAE04EC0-301F-11D3-BF4B-00C04F79EFBC}") = "adaptivebpm", "adaptivebpm.csproj", "{929E6C68-C00D-8A1A-C82C-E9A7D0E8C281}"
EndProject
Project("{FAE04EC0-301F-11D3-BF4B-00C04F79EFBC}") = "debuggui", "debuggui.csproj", "{09BDF0AB-81D7-80D8-68E2-331163860730}"
EndProject
Project("{FAE04EC0-301F-11D3-BF4B-00C04F79EFBC}") = "adaptivebpmML", "adaptivebpmML.csproj", "{8C857C4E-EDDA-F938-EBC7-0E1B77D94249}"
EndProject
Project("{FAE04EC0-301F-11D3-BF4B-00C04F79EFBC}") = "endel.nativewebsocket", "endel.nativewebsocket.csproj", "{52CFA4D3-2D8E-55C8-DB7B-0BC052E26288}"
EndProject
Project("{9A19103F-16F7-4668-BE54-9A1E7A4F7556}") = "AdaptiveBpmMLService", "..\AdaptiveBpmML\AdaptiveBpmMLService.csproj", "{06A6B2DD-3C34-4825-85D0-F164793AEE59}"
EndProject
Global
	GlobalSection(SolutionConfigurationPlatforms) = preSolution
		Debug|Any CPU = Debug|Any CPU
		Release|Any CPU = Release|Any CPU
	EndGlobalSection
	GlobalSection(ProjectConfigurationPlatforms) = postSolution
		{929E6C68-C00D-8A1A-C82C-E9A7D0E8C281}.Debug|Any CPU.ActiveCfg = Debug|Any CPU
		{929E6C68-C00D-8A1A-C82C-E9A7D0E8C281}.Debug|Any CPU.Build.0 = Debug|Any CPU
		{929E6C68-C00D-8A1A-C82C-E9A7D0E8C281}.Release|Any CPU.ActiveCfg = Release|Any CPU
		{929E6C68-C00D-8A1A-C82C-E9A7D0E8C281}.Release|Any CPU.Build.0 = Release|Any CPU
		{09BDF0AB-81D7-80D8-68E2-331163860730}.Debug|Any CPU.ActiveCfg = Debug|Any CPU
		{09BDF0AB-81D7-80D8-68E2-331163860730}.Debug|Any CPU.Build.0 = Debug|Any CPU
		{09BDF0AB-81D7-80D8-68E2-331163860730}.Release|Any CPU.ActiveCfg = Release|Any CPU
		{09BDF0AB-81D7-80D8-68E2-331163860730}.Release|Any CPU.Build.0 = Release|Any CPU
		{8C857C4E-EDDA-F938-EBC7-0E1B77D94249}.Debug|Any CPU.ActiveCfg = Debug|Any CPU
		{8C857C4E-EDDA-F938-EBC7-0E1B77D94249}.Debug|Any CPU.Build.0 = Debug|Any CPU
		{8C857C4E-EDDA-F938-EBC7-0E1B77D94249}.Release|Any CPU.ActiveCfg = Release|Any CPU
		{8C857C4E-EDDA-F938-EBC7-0E1B77D94249}.Release|Any CPU.Build.0 = Release|Any CPU
		{52CFA4D3-2D8E-55C8-DB7B-0BC052E26288}.Debug|Any CPU.ActiveCfg = Debug|Any CPU
		{52CFA4D3-2D8E-55C8-DB7B-0BC052E26288}.Debug|Any CPU.Build.0 = Debug|Any CPU
		{52CFA4D3-2D8E-55C8-DB7B-0BC052E26288}.Release|Any CPU.ActiveCfg = Release|Any CPU
		{52CFA4D3-2D8E-55C8-DB7B-0BC052E26288}.Release|Any CPU.Build.0 = Release|Any CPU
		{06A6B2DD-3C34-4825-85D0-F164793AEE59}.Debug|Any CPU.ActiveCfg = Debug|Any CPU
		{06A6B2DD-3C34-4825-85D0-F164793AEE59}.Debug|Any CPU.Build.0 = Debug|Any CPU
		{06A6B2DD-3C34-4825-85D0-F164793AEE59}.Release|Any CPU.ActiveCfg = Release|Any CPU
		{06A6B2DD-3C34-4825-85D0-F164793AEE59}.Release|Any CPU.Build.0 = Release|Any CPU
	EndGlobalSection
	GlobalSection(SolutionProperties) = preSolution
		HideSolutionNode = FALSE
	EndGlobalSection
EndGlobal
